Microsoft Visual Studio Solution File, Format Version 12.00
# Visual Studio Version 17
VisualStudioVersion = 17.2.32616.157
MinimumVisualStudioVersion = 17.2.32616.157
Project("{9A19103F-16F7-4668-BE54-9A1E7A4F7556}") = "ObjectOrientedProgramming", "ObjectOrientedProgramming\ObjectOrientedProgramming.csproj", "{9AE64090-7453-4D4E-BACE-ECA8D8513A33}"
EndProject
Global
	GlobalSection(SolutionConfigurationPlatforms) = preSolution
		Debug|Any CPU = Debug|Any CPU
		Release|Any CPU = Release|Any CPU
	EndGlobalSection
	GlobalSection(ProjectConfigurationPlatforms) = postSolution
		{9AE64090-7453-4D4E-BACE-ECA8D8513A33}.Debug|Any CPU.ActiveCfg = Debug|Any CPU
		{9AE64090-7453-4D4E-BACE-ECA8D8513A33}.Debug|Any CPU.Build.0 = Debug|Any CPU
		{9AE64090-7453-4D4E-BACE-ECA8D8513A33}.Release|Any CPU.ActiveCfg = Release|Any CPU
		{9AE64090-7453-4D4E-BACE-ECA8D8513A33}.Release|Any CPU.Build.0 = Release|Any CPU
	EndGlobalSection
	GlobalSection(SolutionProperties) = preSolution
		HideSolutionNode = FALSE
	EndGlobalSection
	GlobalSection(ExtensibilityGlobals) = postSolution
		SolutionGuid = {626C76A9-212A-4831-9E9B-7F5D350D11AF}
	EndGlobalSection
EndGlobal
